// !$*UTF8*$!
{
	archiveVersion = 1;
	classes = {
	};
	objectVersion = 55;
	objects = {

/* Begin PBXBuildFile section */
		45C3CE6EB76B8008F4038363 /* Pods_Logotime.framework in Frameworks */ = {isa = PBXBuildFile; fileRef = AB3191B4C53C0CF85E0BBA07 /* Pods_Logotime.framework */; };
		792D084F28477495005E9699 /* UserDetailTableViewController.swift in Sources */ = {isa = PBXBuildFile; fileRef = 792D084E28477495005E9699 /* UserDetailTableViewController.swift */; };
		792D085328478306005E9699 /* UserDetailsHeaderTableViewCell.swift in Sources */ = {isa = PBXBuildFile; fileRef = 792D085228478306005E9699 /* UserDetailsHeaderTableViewCell.swift */; };
		792D0855284783AA005E9699 /* UserDetailsPhoneTableViewCell.swift in Sources */ = {isa = PBXBuildFile; fileRef = 792D0854284783AA005E9699 /* UserDetailsPhoneTableViewCell.swift */; };
		792D085728478D1E005E9699 /* UserDetailsTableViewCell.swift in Sources */ = {isa = PBXBuildFile; fileRef = 792D085628478D1E005E9699 /* UserDetailsTableViewCell.swift */; };
		792D08592847ACB9005E9699 /* UpdateUserRequest.swift in Sources */ = {isa = PBXBuildFile; fileRef = 792D08582847ACB9005E9699 /* UpdateUserRequest.swift */; };
		792D085B2847BBB9005E9699 /* UpdateUserRoleRequest.swift in Sources */ = {isa = PBXBuildFile; fileRef = 792D085A2847BBB9005E9699 /* UpdateUserRoleRequest.swift */; };
		792D085F2847E038005E9699 /* TabBarViewController.swift in Sources */ = {isa = PBXBuildFile; fileRef = 792D085E2847E038005E9699 /* TabBarViewController.swift */; };
		792D08612847E100005E9699 /* AddShiftViewController.swift in Sources */ = {isa = PBXBuildFile; fileRef = 792D08602847E100005E9699 /* AddShiftViewController.swift */; };
		795281E02835922C0068C810 /* OrganisationSize.swift in Sources */ = {isa = PBXBuildFile; fileRef = 795281DF2835922C0068C810 /* OrganisationSize.swift */; };
		795281E22835935C0068C810 /* CreateUpdateRuleViewController.swift in Sources */ = {isa = PBXBuildFile; fileRef = 795281E12835935C0068C810 /* CreateUpdateRuleViewController.swift */; };
		7968059A2845631B00BAD979 /* TokenModel.swift in Sources */ = {isa = PBXBuildFile; fileRef = 796805992845631B00BAD979 /* TokenModel.swift */; };
		7968059C2845647900BAD979 /* TokenResponseModel.swift in Sources */ = {isa = PBXBuildFile; fileRef = 7968059B2845647900BAD979 /* TokenResponseModel.swift */; };
		7968059F2845687A00BAD979 /* EmailValidation.swift in Sources */ = {isa = PBXBuildFile; fileRef = 7968059E2845687A00BAD979 /* EmailValidation.swift */; };
		796805A328456EF200BAD979 /* ShiftsViewController.swift in Sources */ = {isa = PBXBuildFile; fileRef = 796805A228456EF200BAD979 /* ShiftsViewController.swift */; };
		796805A52845800200BAD979 /* UsersTableViewController.swift in Sources */ = {isa = PBXBuildFile; fileRef = 796805A42845800200BAD979 /* UsersTableViewController.swift */; };
		796805B02845812E00BAD979 /* User.swift in Sources */ = {isa = PBXBuildFile; fileRef = 796805AF2845812E00BAD979 /* User.swift */; };
		796805B42845822000BAD979 /* UserRole.swift in Sources */ = {isa = PBXBuildFile; fileRef = 796805B32845822000BAD979 /* UserRole.swift */; };
		796805B8284697C900BAD979 /* UserTableViewCell.swift in Sources */ = {isa = PBXBuildFile; fileRef = 796805B6284697C900BAD979 /* UserTableViewCell.swift */; };
		796805B9284697C900BAD979 /* UserTableViewCell.xib in Resources */ = {isa = PBXBuildFile; fileRef = 796805B7284697C900BAD979 /* UserTableViewCell.xib */; };
		796805BC2846A22D00BAD979 /* AccountSettingsTableViewController.swift in Sources */ = {isa = PBXBuildFile; fileRef = 796805BB2846A22D00BAD979 /* AccountSettingsTableViewController.swift */; };
		796805C02846A6F600BAD979 /* MenuItemTableViewCell.swift in Sources */ = {isa = PBXBuildFile; fileRef = 796805BF2846A6F600BAD979 /* MenuItemTableViewCell.swift */; };
		796805C22846A8A200BAD979 /* MenuHeaderTableViewCell.swift in Sources */ = {isa = PBXBuildFile; fileRef = 796805C12846A8A200BAD979 /* MenuHeaderTableViewCell.swift */; };
		796805C42846ABC700BAD979 /* MenuItemModel.swift in Sources */ = {isa = PBXBuildFile; fileRef = 796805C32846ABC700BAD979 /* MenuItemModel.swift */; };
		796805C72846B93B00BAD979 /* CreateUserRequest.swift in Sources */ = {isa = PBXBuildFile; fileRef = 796805C62846B93B00BAD979 /* CreateUserRequest.swift */; };
		796805CA2846BD6D00BAD979 /* CreateUpdateUserViewController.swift in Sources */ = {isa = PBXBuildFile; fileRef = 796805C92846BD6D00BAD979 /* CreateUpdateUserViewController.swift */; };
		797648D42832623400E1847F /* OwnerCreationModel.swift in Sources */ = {isa = PBXBuildFile; fileRef = 797648D32832623400E1847F /* OwnerCreationModel.swift */; };
		797648D62832637500E1847F /* Constants.swift in Sources */ = {isa = PBXBuildFile; fileRef = 797648D52832637500E1847F /* Constants.swift */; };
		797A26DF284A2C71006FAA32 /* CreateUpdateTaskViewController.swift in Sources */ = {isa = PBXBuildFile; fileRef = 797A26DE284A2C71006FAA32 /* CreateUpdateTaskViewController.swift */; };
		797A26E1284A6201006FAA32 /* ShiftFilterViewController.swift in Sources */ = {isa = PBXBuildFile; fileRef = 797A26E0284A6201006FAA32 /* ShiftFilterViewController.swift */; };
		797A26E3284A89A2006FAA32 /* UpdateShiftViewController.swift in Sources */ = {isa = PBXBuildFile; fileRef = 797A26E2284A89A2006FAA32 /* UpdateShiftViewController.swift */; };
		797A26E5284A9673006FAA32 /* UpdateShiftModel.swift in Sources */ = {isa = PBXBuildFile; fileRef = 797A26E4284A9673006FAA32 /* UpdateShiftModel.swift */; };
		797A26EB284AB953006FAA32 /* UnassignedShiftViewController.swift in Sources */ = {isa = PBXBuildFile; fileRef = 797A26EA284AB953006FAA32 /* UnassignedShiftViewController.swift */; };
		79B3AA4F28398CCC002D9022 /* OrganisationRulesModel.swift in Sources */ = {isa = PBXBuildFile; fileRef = 79B3AA4E28398CCC002D9022 /* OrganisationRulesModel.swift */; };
		79B3AA5128398EA7002D9022 /* OrganisationRegistrationModel.swift in Sources */ = {isa = PBXBuildFile; fileRef = 79B3AA5028398EA7002D9022 /* OrganisationRegistrationModel.swift */; };
		79B3AA53283AD6F2002D9022 /* LoginModel.swift in Sources */ = {isa = PBXBuildFile; fileRef = 79B3AA52283AD6F2002D9022 /* LoginModel.swift */; };
		79B99099284814C600173C9E /* ShiftTimeModel.swift in Sources */ = {isa = PBXBuildFile; fileRef = 79B99098284814C600173C9E /* ShiftTimeModel.swift */; };
		79B9909B2848DD4B00173C9E /* AssignShiftsViewController.swift in Sources */ = {isa = PBXBuildFile; fileRef = 79B9909A2848DD4B00173C9E /* AssignShiftsViewController.swift */; };
		79B9909F2849054D00173C9E /* ShiftDetailsCreateViewController.swift in Sources */ = {isa = PBXBuildFile; fileRef = 79B9909E2849054D00173C9E /* ShiftDetailsCreateViewController.swift */; };
		79B990A328490BEF00173C9E /* OrganisationModel.swift in Sources */ = {isa = PBXBuildFile; fileRef = 79B990A228490BEF00173C9E /* OrganisationModel.swift */; };
		79B990A5284914F800173C9E /* ShiftCreateModel.swift in Sources */ = {isa = PBXBuildFile; fileRef = 79B990A4284914F800173C9E /* ShiftCreateModel.swift */; };
		79B990AD284940C900173C9E /* ShiftTableViewCell.swift in Sources */ = {isa = PBXBuildFile; fileRef = 79B990AB284940C900173C9E /* ShiftTableViewCell.swift */; };
		79B990AE284940C900173C9E /* ShiftTableViewCell.xib in Resources */ = {isa = PBXBuildFile; fileRef = 79B990AC284940C900173C9E /* ShiftTableViewCell.xib */; };
		79B990B02849429300173C9E /* ShiftModel.swift in Sources */ = {isa = PBXBuildFile; fileRef = 79B990AF2849429300173C9E /* ShiftModel.swift */; };
		79B990B22849431200173C9E /* TaskModel.swift in Sources */ = {isa = PBXBuildFile; fileRef = 79B990B12849431200173C9E /* TaskModel.swift */; };
		79B990B42849480200173C9E /* Date.swift in Sources */ = {isa = PBXBuildFile; fileRef = 79B990B32849480200173C9E /* Date.swift */; };
		79B990B62849723700173C9E /* ShiftDetailsViewController.swift in Sources */ = {isa = PBXBuildFile; fileRef = 79B990B52849723700173C9E /* ShiftDetailsViewController.swift */; };
		79B990BB2849EF4E00173C9E /* TaskTableViewCell.swift in Sources */ = {isa = PBXBuildFile; fileRef = 79B990B92849EF4E00173C9E /* TaskTableViewCell.swift */; };
		79B990BC2849EF4E00173C9E /* TaskTableViewCell.xib in Resources */ = {isa = PBXBuildFile; fileRef = 79B990BA2849EF4E00173C9E /* TaskTableViewCell.xib */; };
		79CCCFA62829902B00C44D41 /* AppDelegate.swift in Sources */ = {isa = PBXBuildFile; fileRef = 79CCCFA52829902B00C44D41 /* AppDelegate.swift */; };
		79CCCFA82829902B00C44D41 /* SceneDelegate.swift in Sources */ = {isa = PBXBuildFile; fileRef = 79CCCFA72829902B00C44D41 /* SceneDelegate.swift */; };
		79CCCFAA2829902B00C44D41 /* WelcomeViewController.swift in Sources */ = {isa = PBXBuildFile; fileRef = 79CCCFA92829902B00C44D41 /* WelcomeViewController.swift */; };
		79CCCFAD2829902B00C44D41 /* Main.storyboard in Resources */ = {isa = PBXBuildFile; fileRef = 79CCCFAB2829902B00C44D41 /* Main.storyboard */; };
		79CCCFAF2829902C00C44D41 /* Assets.xcassets in Resources */ = {isa = PBXBuildFile; fileRef = 79CCCFAE2829902C00C44D41 /* Assets.xcassets */; };
		79CCCFB22829902C00C44D41 /* LaunchScreen.storyboard in Resources */ = {isa = PBXBuildFile; fileRef = 79CCCFB02829902C00C44D41 /* LaunchScreen.storyboard */; };
		79CCCFBD28299EC800C44D41 /* LoginViewController.swift in Sources */ = {isa = PBXBuildFile; fileRef = 79CCCFBC28299EC800C44D41 /* LoginViewController.swift */; };
		79DE15CF28340B7400342C02 /* OwnerCreationViewController.swift in Sources */ = {isa = PBXBuildFile; fileRef = 79DE15CE28340B7400342C02 /* OwnerCreationViewController.swift */; };
		79DE15D128341BAB00342C02 /* OrganisationCreationViewController.swift in Sources */ = {isa = PBXBuildFile; fileRef = 79DE15D028341BAB00342C02 /* OrganisationCreationViewController.swift */; };
		79DE15D328343E5700342C02 /* RadioButtonsController.swift in Sources */ = {isa = PBXBuildFile; fileRef = 79DE15D228343E5700342C02 /* RadioButtonsController.swift */; };
/* End PBXBuildFile section */

/* Begin PBXFileReference section */
		0F3E80A9942F433FCBE01C86 /* Pods-Logotime.release.xcconfig */ = {isa = PBXFileReference; includeInIndex = 1; lastKnownFileType = text.xcconfig; name = "Pods-Logotime.release.xcconfig"; path = "Target Support Files/Pods-Logotime/Pods-Logotime.release.xcconfig"; sourceTree = "<group>"; };
		5D7D6C52548C474A16CE0349 /* Pods-Logotime.debug.xcconfig */ = {isa = PBXFileReference; includeInIndex = 1; lastKnownFileType = text.xcconfig; name = "Pods-Logotime.debug.xcconfig"; path = "Target Support Files/Pods-Logotime/Pods-Logotime.debug.xcconfig"; sourceTree = "<group>"; };
		792D084E28477495005E9699 /* UserDetailTableViewController.swift */ = {isa = PBXFileReference; lastKnownFileType = sourcecode.swift; path = UserDetailTableViewController.swift; sourceTree = "<group>"; };
		792D085228478306005E9699 /* UserDetailsHeaderTableViewCell.swift */ = {isa = PBXFileReference; lastKnownFileType = sourcecode.swift; path = UserDetailsHeaderTableViewCell.swift; sourceTree = "<group>"; };
		792D0854284783AA005E9699 /* UserDetailsPhoneTableViewCell.swift */ = {isa = PBXFileReference; lastKnownFileType = sourcecode.swift; path = UserDetailsPhoneTableViewCell.swift; sourceTree = "<group>"; };
		792D085628478D1E005E9699 /* UserDetailsTableViewCell.swift */ = {isa = PBXFileReference; lastKnownFileType = sourcecode.swift; path = UserDetailsTableViewCell.swift; sourceTree = "<group>"; };
		792D08582847ACB9005E9699 /* UpdateUserRequest.swift */ = {isa = PBXFileReference; lastKnownFileType = sourcecode.swift; path = UpdateUserRequest.swift; sourceTree = "<group>"; };
		792D085A2847BBB9005E9699 /* UpdateUserRoleRequest.swift */ = {isa = PBXFileReference; lastKnownFileType = sourcecode.swift; path = UpdateUserRoleRequest.swift; sourceTree = "<group>"; };
		792D085E2847E038005E9699 /* TabBarViewController.swift */ = {isa = PBXFileReference; lastKnownFileType = sourcecode.swift; path = TabBarViewController.swift; sourceTree = "<group>"; };
		792D08602847E100005E9699 /* AddShiftViewController.swift */ = {isa = PBXFileReference; lastKnownFileType = sourcecode.swift; path = AddShiftViewController.swift; sourceTree = "<group>"; };
		795281DF2835922C0068C810 /* OrganisationSize.swift */ = {isa = PBXFileReference; lastKnownFileType = sourcecode.swift; path = OrganisationSize.swift; sourceTree = "<group>"; };
		795281E12835935C0068C810 /* CreateUpdateRuleViewController.swift */ = {isa = PBXFileReference; lastKnownFileType = sourcecode.swift; path = CreateUpdateRuleViewController.swift; sourceTree = "<group>"; };
		796805992845631B00BAD979 /* TokenModel.swift */ = {isa = PBXFileReference; lastKnownFileType = sourcecode.swift; path = TokenModel.swift; sourceTree = "<group>"; };
		7968059B2845647900BAD979 /* TokenResponseModel.swift */ = {isa = PBXFileReference; lastKnownFileType = sourcecode.swift; path = TokenResponseModel.swift; sourceTree = "<group>"; };
		7968059E2845687A00BAD979 /* EmailValidation.swift */ = {isa = PBXFileReference; lastKnownFileType = sourcecode.swift; path = EmailValidation.swift; sourceTree = "<group>"; };
		796805A228456EF200BAD979 /* ShiftsViewController.swift */ = {isa = PBXFileReference; lastKnownFileType = sourcecode.swift; path = ShiftsViewController.swift; sourceTree = "<group>"; };
		796805A42845800200BAD979 /* UsersTableViewController.swift */ = {isa = PBXFileReference; lastKnownFileType = sourcecode.swift; path = UsersTableViewController.swift; sourceTree = "<group>"; };
		796805AF2845812E00BAD979 /* User.swift */ = {isa = PBXFileReference; lastKnownFileType = sourcecode.swift; path = User.swift; sourceTree = "<group>"; };
		796805B32845822000BAD979 /* UserRole.swift */ = {isa = PBXFileReference; lastKnownFileType = sourcecode.swift; path = UserRole.swift; sourceTree = "<group>"; };
		796805B6284697C900BAD979 /* UserTableViewCell.swift */ = {isa = PBXFileReference; lastKnownFileType = sourcecode.swift; path = UserTableViewCell.swift; sourceTree = "<group>"; };
		796805B7284697C900BAD979 /* UserTableViewCell.xib */ = {isa = PBXFileReference; lastKnownFileType = file.xib; path = UserTableViewCell.xib; sourceTree = "<group>"; };
		796805BB2846A22D00BAD979 /* AccountSettingsTableViewController.swift */ = {isa = PBXFileReference; lastKnownFileType = sourcecode.swift; path = AccountSettingsTableViewController.swift; sourceTree = "<group>"; };
		796805BF2846A6F600BAD979 /* MenuItemTableViewCell.swift */ = {isa = PBXFileReference; lastKnownFileType = sourcecode.swift; path = MenuItemTableViewCell.swift; sourceTree = "<group>"; };
		796805C12846A8A200BAD979 /* MenuHeaderTableViewCell.swift */ = {isa = PBXFileReference; lastKnownFileType = sourcecode.swift; path = MenuHeaderTableViewCell.swift; sourceTree = "<group>"; };
		796805C32846ABC700BAD979 /* MenuItemModel.swift */ = {isa = PBXFileReference; lastKnownFileType = sourcecode.swift; path = MenuItemModel.swift; sourceTree = "<group>"; };
		796805C62846B93B00BAD979 /* CreateUserRequest.swift */ = {isa = PBXFileReference; lastKnownFileType = sourcecode.swift; path = CreateUserRequest.swift; sourceTree = "<group>"; };
		796805C92846BD6D00BAD979 /* CreateUpdateUserViewController.swift */ = {isa = PBXFileReference; lastKnownFileType = sourcecode.swift; path = CreateUpdateUserViewController.swift; sourceTree = "<group>"; };
		797648D32832623400E1847F /* OwnerCreationModel.swift */ = {isa = PBXFileReference; lastKnownFileType = sourcecode.swift; path = OwnerCreationModel.swift; sourceTree = "<group>"; };
		797648D52832637500E1847F /* Constants.swift */ = {isa = PBXFileReference; lastKnownFileType = sourcecode.swift; name = Constants.swift; path = Logotime/Constants.swift; sourceTree = "<group>"; };
		797A26DE284A2C71006FAA32 /* CreateUpdateTaskViewController.swift */ = {isa = PBXFileReference; lastKnownFileType = sourcecode.swift; path = CreateUpdateTaskViewController.swift; sourceTree = "<group>"; };
		797A26E0284A6201006FAA32 /* ShiftFilterViewController.swift */ = {isa = PBXFileReference; lastKnownFileType = sourcecode.swift; path = ShiftFilterViewController.swift; sourceTree = "<group>"; };
		797A26E2284A89A2006FAA32 /* UpdateShiftViewController.swift */ = {isa = PBXFileReference; lastKnownFileType = sourcecode.swift; path = UpdateShiftViewController.swift; sourceTree = "<group>"; };
		797A26E4284A9673006FAA32 /* UpdateShiftModel.swift */ = {isa = PBXFileReference; lastKnownFileType = sourcecode.swift; path = UpdateShiftModel.swift; sourceTree = "<group>"; };
		797A26EA284AB953006FAA32 /* UnassignedShiftViewController.swift */ = {isa = PBXFileReference; lastKnownFileType = sourcecode.swift; path = UnassignedShiftViewController.swift; sourceTree = "<group>"; };
		79B3AA4E28398CCC002D9022 /* OrganisationRulesModel.swift */ = {isa = PBXFileReference; lastKnownFileType = sourcecode.swift; path = OrganisationRulesModel.swift; sourceTree = "<group>"; };
		79B3AA5028398EA7002D9022 /* OrganisationRegistrationModel.swift */ = {isa = PBXFileReference; lastKnownFileType = sourcecode.swift; path = OrganisationRegistrationModel.swift; sourceTree = "<group>"; };
		79B3AA52283AD6F2002D9022 /* LoginModel.swift */ = {isa = PBXFileReference; lastKnownFileType = sourcecode.swift; path = LoginModel.swift; sourceTree = "<group>"; };
		79B99098284814C600173C9E /* ShiftTimeModel.swift */ = {isa = PBXFileReference; lastKnownFileType = sourcecode.swift; path = ShiftTimeModel.swift; sourceTree = "<group>"; };
		79B9909A2848DD4B00173C9E /* AssignShiftsViewController.swift */ = {isa = PBXFileReference; lastKnownFileType = sourcecode.swift; path = AssignShiftsViewController.swift; sourceTree = "<group>"; };
		79B9909E2849054D00173C9E /* ShiftDetailsCreateViewController.swift */ = {isa = PBXFileReference; lastKnownFileType = sourcecode.swift; path = ShiftDetailsCreateViewController.swift; sourceTree = "<group>"; };
		79B990A228490BEF00173C9E /* OrganisationModel.swift */ = {isa = PBXFileReference; lastKnownFileType = sourcecode.swift; path = OrganisationModel.swift; sourceTree = "<group>"; };
		79B990A4284914F800173C9E /* ShiftCreateModel.swift */ = {isa = PBXFileReference; lastKnownFileType = sourcecode.swift; path = ShiftCreateModel.swift; sourceTree = "<group>"; };
		79B990AB284940C900173C9E /* ShiftTableViewCell.swift */ = {isa = PBXFileReference; lastKnownFileType = sourcecode.swift; path = ShiftTableViewCell.swift; sourceTree = "<group>"; };
		79B990AC284940C900173C9E /* ShiftTableViewCell.xib */ = {isa = PBXFileReference; lastKnownFileType = file.xib; path = ShiftTableViewCell.xib; sourceTree = "<group>"; };
		79B990AF2849429300173C9E /* ShiftModel.swift */ = {isa = PBXFileReference; lastKnownFileType = sourcecode.swift; path = ShiftModel.swift; sourceTree = "<group>"; };
		79B990B12849431200173C9E /* TaskModel.swift */ = {isa = PBXFileReference; lastKnownFileType = sourcecode.swift; path = TaskModel.swift; sourceTree = "<group>"; };
		79B990B32849480200173C9E /* Date.swift */ = {isa = PBXFileReference; lastKnownFileType = sourcecode.swift; path = Date.swift; sourceTree = "<group>"; };
		79B990B52849723700173C9E /* ShiftDetailsViewController.swift */ = {isa = PBXFileReference; lastKnownFileType = sourcecode.swift; path = ShiftDetailsViewController.swift; sourceTree = "<group>"; };
		79B990B92849EF4E00173C9E /* TaskTableViewCell.swift */ = {isa = PBXFileReference; lastKnownFileType = sourcecode.swift; path = TaskTableViewCell.swift; sourceTree = "<group>"; };
		79B990BA2849EF4E00173C9E /* TaskTableViewCell.xib */ = {isa = PBXFileReference; lastKnownFileType = file.xib; path = TaskTableViewCell.xib; sourceTree = "<group>"; };
		79CCCFA22829902A00C44D41 /* Logotime.app */ = {isa = PBXFileReference; explicitFileType = wrapper.application; includeInIndex = 0; path = Logotime.app; sourceTree = BUILT_PRODUCTS_DIR; };
		79CCCFA52829902B00C44D41 /* AppDelegate.swift */ = {isa = PBXFileReference; lastKnownFileType = sourcecode.swift; path = AppDelegate.swift; sourceTree = "<group>"; };
		79CCCFA72829902B00C44D41 /* SceneDelegate.swift */ = {isa = PBXFileReference; lastKnownFileType = sourcecode.swift; path = SceneDelegate.swift; sourceTree = "<group>"; };
		79CCCFA92829902B00C44D41 /* WelcomeViewController.swift */ = {isa = PBXFileReference; lastKnownFileType = sourcecode.swift; path = WelcomeViewController.swift; sourceTree = "<group>"; };
		79CCCFAC2829902B00C44D41 /* Base */ = {isa = PBXFileReference; lastKnownFileType = file.storyboard; name = Base; path = Base.lproj/Main.storyboard; sourceTree = "<group>"; };
		79CCCFAE2829902C00C44D41 /* Assets.xcassets */ = {isa = PBXFileReference; lastKnownFileType = folder.assetcatalog; path = Assets.xcassets; sourceTree = "<group>"; };
		79CCCFB12829902C00C44D41 /* Base */ = {isa = PBXFileReference; lastKnownFileType = file.storyboard; name = Base; path = Base.lproj/LaunchScreen.storyboard; sourceTree = "<group>"; };
		79CCCFB32829902C00C44D41 /* Info.plist */ = {isa = PBXFileReference; lastKnownFileType = text.plist.xml; path = Info.plist; sourceTree = "<group>"; };
		79CCCFBC28299EC800C44D41 /* LoginViewController.swift */ = {isa = PBXFileReference; lastKnownFileType = sourcecode.swift; path = LoginViewController.swift; sourceTree = "<group>"; };
		79DE15CE28340B7400342C02 /* OwnerCreationViewController.swift */ = {isa = PBXFileReference; lastKnownFileType = sourcecode.swift; path = OwnerCreationViewController.swift; sourceTree = "<group>"; };
		79DE15D028341BAB00342C02 /* OrganisationCreationViewController.swift */ = {isa = PBXFileReference; lastKnownFileType = sourcecode.swift; path = OrganisationCreationViewController.swift; sourceTree = "<group>"; };
		79DE15D228343E5700342C02 /* RadioButtonsController.swift */ = {isa = PBXFileReference; lastKnownFileType = sourcecode.swift; path = RadioButtonsController.swift; sourceTree = "<group>"; };
		AB3191B4C53C0CF85E0BBA07 /* Pods_Logotime.framework */ = {isa = PBXFileReference; explicitFileType = wrapper.framework; includeInIndex = 0; path = Pods_Logotime.framework; sourceTree = BUILT_PRODUCTS_DIR; };
/* End PBXFileReference section */

/* Begin PBXFrameworksBuildPhase section */
		79CCCF9F2829902A00C44D41 /* Frameworks */ = {
			isa = PBXFrameworksBuildPhase;
			buildActionMask = 2147483647;
			files = (
				45C3CE6EB76B8008F4038363 /* Pods_Logotime.framework in Frameworks */,
			);
			runOnlyForDeploymentPostprocessing = 0;
		};
/* End PBXFrameworksBuildPhase section */

/* Begin PBXGroup section */
		0007DF428EBCEE1B8EB83A99 /* Pods */ = {
			isa = PBXGroup;
			children = (
				5D7D6C52548C474A16CE0349 /* Pods-Logotime.debug.xcconfig */,
				0F3E80A9942F433FCBE01C86 /* Pods-Logotime.release.xcconfig */,
			);
			path = Pods;
			sourceTree = "<group>";
		};
		792D085C2847DF8F005E9699 /* Shifts */ = {
			isa = PBXGroup;
			children = (
				79B990A62849343C00173C9E /* View */,
				79B990972848149400173C9E /* Model */,
				792D085D2847DFD9005E9699 /* Controller */,
			);
			path = Shifts;
			sourceTree = "<group>";
		};
		792D085D2847DFD9005E9699 /* Controller */ = {
			isa = PBXGroup;
			children = (
				796805A228456EF200BAD979 /* ShiftsViewController.swift */,
				792D08602847E100005E9699 /* AddShiftViewController.swift */,
				79B9909A2848DD4B00173C9E /* AssignShiftsViewController.swift */,
				79B9909E2849054D00173C9E /* ShiftDetailsCreateViewController.swift */,
				79B990B52849723700173C9E /* ShiftDetailsViewController.swift */,
				797A26E0284A6201006FAA32 /* ShiftFilterViewController.swift */,
				797A26E2284A89A2006FAA32 /* UpdateShiftViewController.swift */,
				797A26EA284AB953006FAA32 /* UnassignedShiftViewController.swift */,
			);
			path = Controller;
			sourceTree = "<group>";
		};
		7968059D2845686900BAD979 /* Validation */ = {
			isa = PBXGroup;
			children = (
				7968059E2845687A00BAD979 /* EmailValidation.swift */,
			);
			path = Validation;
			sourceTree = "<group>";
		};
		796805A62845801200BAD979 /* Authorization */ = {
			isa = PBXGroup;
			children = (
				796805A82845802700BAD979 /* Login */,
				796805A72845801D00BAD979 /* Registration */,
			);
			path = Authorization;
			sourceTree = "<group>";
		};
		796805A72845801D00BAD979 /* Registration */ = {
			isa = PBXGroup;
			children = (
				796805AB2845805900BAD979 /* Controller */,
				796805AA2845805200BAD979 /* View */,
				796805A92845804D00BAD979 /* Model */,
			);
			path = Registration;
			sourceTree = "<group>";
		};
		796805A82845802700BAD979 /* Login */ = {
			isa = PBXGroup;
			children = (
				796805AE2845808700BAD979 /* Controller */,
				796805AD2845807A00BAD979 /* Model */,
				796805AC2845806500BAD979 /* View */,
			);
			path = Login;
			sourceTree = "<group>";
		};
		796805A92845804D00BAD979 /* Model */ = {
			isa = PBXGroup;
			children = (
				797648D32832623400E1847F /* OwnerCreationModel.swift */,
				79B3AA5028398EA7002D9022 /* OrganisationRegistrationModel.swift */,
			);
			path = Model;
			sourceTree = "<group>";
		};
		796805AA2845805200BAD979 /* View */ = {
			isa = PBXGroup;
			children = (
			);
			path = View;
			sourceTree = "<group>";
		};
		796805AB2845805900BAD979 /* Controller */ = {
			isa = PBXGroup;
			children = (
				79DE15CE28340B7400342C02 /* OwnerCreationViewController.swift */,
				79DE15D028341BAB00342C02 /* OrganisationCreationViewController.swift */,
				795281E12835935C0068C810 /* CreateUpdateRuleViewController.swift */,
			);
			path = Controller;
			sourceTree = "<group>";
		};
		796805AC2845806500BAD979 /* View */ = {
			isa = PBXGroup;
			children = (
			);
			path = View;
			sourceTree = "<group>";
		};
		796805AD2845807A00BAD979 /* Model */ = {
			isa = PBXGroup;
			children = (
				79B3AA52283AD6F2002D9022 /* LoginModel.swift */,
				796805992845631B00BAD979 /* TokenModel.swift */,
				7968059B2845647900BAD979 /* TokenResponseModel.swift */,
			);
			path = Model;
			sourceTree = "<group>";
		};
		796805AE2845808700BAD979 /* Controller */ = {
			isa = PBXGroup;
			children = (
				79CCCFBC28299EC800C44D41 /* LoginViewController.swift */,
			);
			path = Controller;
			sourceTree = "<group>";
		};
		796805B12845820B00BAD979 /* User */ = {
			isa = PBXGroup;
			children = (
				796805C82846B9C000BAD979 /* UserNetworkService */,
				796805BA2846987200BAD979 /* Controller */,
				796805B5284697A700BAD979 /* View */,
				796805B22845821100BAD979 /* Model */,
			);
			path = User;
			sourceTree = "<group>";
		};
		796805B22845821100BAD979 /* Model */ = {
			isa = PBXGroup;
			children = (
				796805AF2845812E00BAD979 /* User.swift */,
				796805B32845822000BAD979 /* UserRole.swift */,
				796805C32846ABC700BAD979 /* MenuItemModel.swift */,
				796805C62846B93B00BAD979 /* CreateUserRequest.swift */,
				792D08582847ACB9005E9699 /* UpdateUserRequest.swift */,
				792D085A2847BBB9005E9699 /* UpdateUserRoleRequest.swift */,
			);
			path = Model;
			sourceTree = "<group>";
		};
		796805B5284697A700BAD979 /* View */ = {
			isa = PBXGroup;
			children = (
				796805B6284697C900BAD979 /* UserTableViewCell.swift */,
				796805B7284697C900BAD979 /* UserTableViewCell.xib */,
				796805BF2846A6F600BAD979 /* MenuItemTableViewCell.swift */,
				796805C12846A8A200BAD979 /* MenuHeaderTableViewCell.swift */,
				792D085228478306005E9699 /* UserDetailsHeaderTableViewCell.swift */,
				792D0854284783AA005E9699 /* UserDetailsPhoneTableViewCell.swift */,
				792D085628478D1E005E9699 /* UserDetailsTableViewCell.swift */,
			);
			path = View;
			sourceTree = "<group>";
		};
		796805BA2846987200BAD979 /* Controller */ = {
			isa = PBXGroup;
			children = (
				796805A42845800200BAD979 /* UsersTableViewController.swift */,
				796805BB2846A22D00BAD979 /* AccountSettingsTableViewController.swift */,
				796805C92846BD6D00BAD979 /* CreateUpdateUserViewController.swift */,
				792D084E28477495005E9699 /* UserDetailTableViewController.swift */,
			);
			path = Controller;
			sourceTree = "<group>";
		};
		796805C82846B9C000BAD979 /* UserNetworkService */ = {
			isa = PBXGroup;
			children = (
			);
			path = UserNetworkService;
			sourceTree = "<group>";
		};
		797A26E6284AB89E006FAA32 /* Task */ = {
			isa = PBXGroup;
			children = (
				797A26E9284AB8B3006FAA32 /* Controller */,
				797A26E8284AB8AE006FAA32 /* View */,
				797A26E7284AB8A8006FAA32 /* Model */,
			);
			path = Task;
			sourceTree = "<group>";
		};
		797A26E7284AB8A8006FAA32 /* Model */ = {
			isa = PBXGroup;
			children = (
				79B990B12849431200173C9E /* TaskModel.swift */,
			);
			path = Model;
			sourceTree = "<group>";
		};
		797A26E8284AB8AE006FAA32 /* View */ = {
			isa = PBXGroup;
			children = (
				79B990B92849EF4E00173C9E /* TaskTableViewCell.swift */,
				79B990BA2849EF4E00173C9E /* TaskTableViewCell.xib */,
			);
			path = View;
			sourceTree = "<group>";
		};
		797A26E9284AB8B3006FAA32 /* Controller */ = {
			isa = PBXGroup;
			children = (
				797A26DE284A2C71006FAA32 /* CreateUpdateTaskViewController.swift */,
			);
			path = Controller;
			sourceTree = "<group>";
		};
		79B990972848149400173C9E /* Model */ = {
			isa = PBXGroup;
			children = (
				79B99098284814C600173C9E /* ShiftTimeModel.swift */,
				79B990A4284914F800173C9E /* ShiftCreateModel.swift */,
				79B990AF2849429300173C9E /* ShiftModel.swift */,
				797A26E4284A9673006FAA32 /* UpdateShiftModel.swift */,
			);
			path = Model;
			sourceTree = "<group>";
		};
		79B990A028490B5500173C9E /* Organisation */ = {
			isa = PBXGroup;
			children = (
				79B990A128490BC600173C9E /* Model */,
			);
			path = Organisation;
			sourceTree = "<group>";
		};
		79B990A128490BC600173C9E /* Model */ = {
			isa = PBXGroup;
			children = (
				795281DF2835922C0068C810 /* OrganisationSize.swift */,
				79B3AA4E28398CCC002D9022 /* OrganisationRulesModel.swift */,
				79B990A228490BEF00173C9E /* OrganisationModel.swift */,
			);
			path = Model;
			sourceTree = "<group>";
		};
		79B990A62849343C00173C9E /* View */ = {
			isa = PBXGroup;
			children = (
				79B990AB284940C900173C9E /* ShiftTableViewCell.swift */,
				79B990AC284940C900173C9E /* ShiftTableViewCell.xib */,
			);
			path = View;
			sourceTree = "<group>";
		};
		79CCCF992829902A00C44D41 = {
			isa = PBXGroup;
			children = (
				797648D52832637500E1847F /* Constants.swift */,
				79CCCFA42829902A00C44D41 /* Logotime */,
				79CCCFA32829902A00C44D41 /* Products */,
				0007DF428EBCEE1B8EB83A99 /* Pods */,
				CA5C18DEEC7282B76CE07DE3 /* Frameworks */,
			);
			sourceTree = "<group>";
		};
		79CCCFA32829902A00C44D41 /* Products */ = {
			isa = PBXGroup;
			children = (
				79CCCFA22829902A00C44D41 /* Logotime.app */,
			);
			name = Products;
			sourceTree = "<group>";
		};
		79CCCFA42829902A00C44D41 /* Logotime */ = {
			isa = PBXGroup;
			children = (
				797A26E6284AB89E006FAA32 /* Task */,
				79B990A028490B5500173C9E /* Organisation */,
				792D085C2847DF8F005E9699 /* Shifts */,
				796805B12845820B00BAD979 /* User */,
				796805A62845801200BAD979 /* Authorization */,
				7968059D2845686900BAD979 /* Validation */,
				79CCCFBB28299E6800C44D41 /* Controller */,
				79CCCFBA28299E6300C44D41 /* View */,
				79CCCFB928299E5A00C44D41 /* Model */,
				79CCCFA52829902B00C44D41 /* AppDelegate.swift */,
				79CCCFA72829902B00C44D41 /* SceneDelegate.swift */,
				79CCCFAE2829902C00C44D41 /* Assets.xcassets */,
				79CCCFB02829902C00C44D41 /* LaunchScreen.storyboard */,
				79CCCFB32829902C00C44D41 /* Info.plist */,
			);
			path = Logotime;
			sourceTree = "<group>";
		};
		79CCCFB928299E5A00C44D41 /* Model */ = {
			isa = PBXGroup;
			children = (
				79B990B32849480200173C9E /* Date.swift */,
			);
			path = Model;
			sourceTree = "<group>";
		};
		79CCCFBA28299E6300C44D41 /* View */ = {
			isa = PBXGroup;
			children = (
				79CCCFAB2829902B00C44D41 /* Main.storyboard */,
			);
			path = View;
			sourceTree = "<group>";
		};
		79CCCFBB28299E6800C44D41 /* Controller */ = {
			isa = PBXGroup;
			children = (
				79CCCFA92829902B00C44D41 /* WelcomeViewController.swift */,
				79DE15D228343E5700342C02 /* RadioButtonsController.swift */,
				792D085E2847E038005E9699 /* TabBarViewController.swift */,
			);
			path = Controller;
			sourceTree = "<group>";
		};
		CA5C18DEEC7282B76CE07DE3 /* Frameworks */ = {
			isa = PBXGroup;
			children = (
				AB3191B4C53C0CF85E0BBA07 /* Pods_Logotime.framework */,
			);
			name = Frameworks;
			sourceTree = "<group>";
		};
/* End PBXGroup section */

/* Begin PBXNativeTarget section */
		79CCCFA12829902A00C44D41 /* Logotime */ = {
			isa = PBXNativeTarget;
			buildConfigurationList = 79CCCFB62829902C00C44D41 /* Build configuration list for PBXNativeTarget "Logotime" */;
			buildPhases = (
				C95B2B955C4D7FBC976634CA /* [CP] Check Pods Manifest.lock */,
				79CCCF9E2829902A00C44D41 /* Sources */,
				79CCCF9F2829902A00C44D41 /* Frameworks */,
				79CCCFA02829902A00C44D41 /* Resources */,
				CAE339EA078335624F46456A /* [CP] Embed Pods Frameworks */,
			);
			buildRules = (
			);
			dependencies = (
			);
			name = Logotime;
			productName = Logotime;
			productReference = 79CCCFA22829902A00C44D41 /* Logotime.app */;
			productType = "com.apple.product-type.application";
		};
/* End PBXNativeTarget section */

/* Begin PBXProject section */
		79CCCF9A2829902A00C44D41 /* Project object */ = {
			isa = PBXProject;
			attributes = {
				BuildIndependentTargetsInParallel = 1;
				LastSwiftUpdateCheck = 1310;
				LastUpgradeCheck = 1310;
				TargetAttributes = {
					79CCCFA12829902A00C44D41 = {
						CreatedOnToolsVersion = 13.1;
					};
				};
			};
			buildConfigurationList = 79CCCF9D2829902A00C44D41 /* Build configuration list for PBXProject "Logotime" */;
			compatibilityVersion = "Xcode 13.0";
			developmentRegion = en;
			hasScannedForEncodings = 0;
			knownRegions = (
				en,
				Base,
			);
			mainGroup = 79CCCF992829902A00C44D41;
			productRefGroup = 79CCCFA32829902A00C44D41 /* Products */;
			projectDirPath = "";
			projectRoot = "";
			targets = (
				79CCCFA12829902A00C44D41 /* Logotime */,
			);
		};
/* End PBXProject section */

/* Begin PBXResourcesBuildPhase section */
		79CCCFA02829902A00C44D41 /* Resources */ = {
			isa = PBXResourcesBuildPhase;
			buildActionMask = 2147483647;
			files = (
				79B990BC2849EF4E00173C9E /* TaskTableViewCell.xib in Resources */,
				796805B9284697C900BAD979 /* UserTableViewCell.xib in Resources */,
				79B990AE284940C900173C9E /* ShiftTableViewCell.xib in Resources */,
				79CCCFB22829902C00C44D41 /* LaunchScreen.storyboard in Resources */,
				79CCCFAF2829902C00C44D41 /* Assets.xcassets in Resources */,
				79CCCFAD2829902B00C44D41 /* Main.storyboard in Resources */,
			);
			runOnlyForDeploymentPostprocessing = 0;
		};
/* End PBXResourcesBuildPhase section */

/* Begin PBXShellScriptBuildPhase section */
		C95B2B955C4D7FBC976634CA /* [CP] Check Pods Manifest.lock */ = {
			isa = PBXShellScriptBuildPhase;
			buildActionMask = 2147483647;
			files = (
			);
			inputFileListPaths = (
			);
			inputPaths = (
				"${PODS_PODFILE_DIR_PATH}/Podfile.lock",
				"${PODS_ROOT}/Manifest.lock",
			);
			name = "[CP] Check Pods Manifest.lock";
			outputFileListPaths = (
			);
			outputPaths = (
				"$(DERIVED_FILE_DIR)/Pods-Logotime-checkManifestLockResult.txt",
			);
			runOnlyForDeploymentPostprocessing = 0;
			shellPath = /bin/sh;
			shellScript = "diff \"${PODS_PODFILE_DIR_PATH}/Podfile.lock\" \"${PODS_ROOT}/Manifest.lock\" > /dev/null\nif [ $? != 0 ] ; then\n    # print error to STDERR\n    echo \"error: The sandbox is not in sync with the Podfile.lock. Run 'pod install' or update your CocoaPods installation.\" >&2\n    exit 1\nfi\n# This output is used by Xcode 'outputs' to avoid re-running this script phase.\necho \"SUCCESS\" > \"${SCRIPT_OUTPUT_FILE_0}\"\n";
			showEnvVarsInLog = 0;
		};
		CAE339EA078335624F46456A /* [CP] Embed Pods Frameworks */ = {
			isa = PBXShellScriptBuildPhase;
			buildActionMask = 2147483647;
			files = (
			);
			inputFileListPaths = (
				"${PODS_ROOT}/Target Support Files/Pods-Logotime/Pods-Logotime-frameworks-${CONFIGURATION}-input-files.xcfilelist",
			);
			name = "[CP] Embed Pods Frameworks";
			outputFileListPaths = (
				"${PODS_ROOT}/Target Support Files/Pods-Logotime/Pods-Logotime-frameworks-${CONFIGURATION}-output-files.xcfilelist",
			);
			runOnlyForDeploymentPostprocessing = 0;
			shellPath = /bin/sh;
			shellScript = "\"${PODS_ROOT}/Target Support Files/Pods-Logotime/Pods-Logotime-frameworks.sh\"\n";
			showEnvVarsInLog = 0;
		};
/* End PBXShellScriptBuildPhase section */

/* Begin PBXSourcesBuildPhase section */
		79CCCF9E2829902A00C44D41 /* Sources */ = {
			isa = PBXSourcesBuildPhase;
			buildActionMask = 2147483647;
			files = (
				79DE15D328343E5700342C02 /* RadioButtonsController.swift in Sources */,
				79B990A328490BEF00173C9E /* OrganisationModel.swift in Sources */,
				792D085728478D1E005E9699 /* UserDetailsTableViewCell.swift in Sources */,
				79B3AA53283AD6F2002D9022 /* LoginModel.swift in Sources */,
				796805B8284697C900BAD979 /* UserTableViewCell.swift in Sources */,
				797A26E5284A9673006FAA32 /* UpdateShiftModel.swift in Sources */,
				796805CA2846BD6D00BAD979 /* CreateUpdateUserViewController.swift in Sources */,
				79CCCFBD28299EC800C44D41 /* LoginViewController.swift in Sources */,
				79B3AA5128398EA7002D9022 /* OrganisationRegistrationModel.swift in Sources */,
				796805C02846A6F600BAD979 /* MenuItemTableViewCell.swift in Sources */,
				7968059C2845647900BAD979 /* TokenResponseModel.swift in Sources */,
				79CCCFAA2829902B00C44D41 /* WelcomeViewController.swift in Sources */,
				792D085B2847BBB9005E9699 /* UpdateUserRoleRequest.swift in Sources */,
				79CCCFA62829902B00C44D41 /* AppDelegate.swift in Sources */,
				795281E02835922C0068C810 /* OrganisationSize.swift in Sources */,
				79B990B62849723700173C9E /* ShiftDetailsViewController.swift in Sources */,
				795281E22835935C0068C810 /* CreateUpdateRuleViewController.swift in Sources */,
				792D084F28477495005E9699 /* UserDetailTableViewController.swift in Sources */,
				79B990B42849480200173C9E /* Date.swift in Sources */,
				79DE15CF28340B7400342C02 /* OwnerCreationViewController.swift in Sources */,
				797A26EB284AB953006FAA32 /* UnassignedShiftViewController.swift in Sources */,
				796805B02845812E00BAD979 /* User.swift in Sources */,
				79B990A5284914F800173C9E /* ShiftCreateModel.swift in Sources */,
				792D08612847E100005E9699 /* AddShiftViewController.swift in Sources */,
				79B990BB2849EF4E00173C9E /* TaskTableViewCell.swift in Sources */,
				797648D42832623400E1847F /* OwnerCreationModel.swift in Sources */,
				792D085F2847E038005E9699 /* TabBarViewController.swift in Sources */,
				79B9909B2848DD4B00173C9E /* AssignShiftsViewController.swift in Sources */,
				796805C22846A8A200BAD979 /* MenuHeaderTableViewCell.swift in Sources */,
				79B99099284814C600173C9E /* ShiftTimeModel.swift in Sources */,
				79B990B02849429300173C9E /* ShiftModel.swift in Sources */,
				79B990B22849431200173C9E /* TaskModel.swift in Sources */,
				79B3AA4F28398CCC002D9022 /* OrganisationRulesModel.swift in Sources */,
				7968059F2845687A00BAD979 /* EmailValidation.swift in Sources */,
				79DE15D128341BAB00342C02 /* OrganisationCreationViewController.swift in Sources */,
				792D0855284783AA005E9699 /* UserDetailsPhoneTableViewCell.swift in Sources */,
				797A26E1284A6201006FAA32 /* ShiftFilterViewController.swift in Sources */,
				796805B42845822000BAD979 /* UserRole.swift in Sources */,
				79B9909F2849054D00173C9E /* ShiftDetailsCreateViewController.swift in Sources */,
				79CCCFA82829902B00C44D41 /* SceneDelegate.swift in Sources */,
				797A26E3284A89A2006FAA32 /* UpdateShiftViewController.swift in Sources */,
				796805A328456EF200BAD979 /* ShiftsViewController.swift in Sources */,
				796805C72846B93B00BAD979 /* CreateUserRequest.swift in Sources */,
				79B990AD284940C900173C9E /* ShiftTableViewCell.swift in Sources */,
				797A26DF284A2C71006FAA32 /* CreateUpdateTaskViewController.swift in Sources */,
				7968059A2845631B00BAD979 /* TokenModel.swift in Sources */,
				796805A52845800200BAD979 /* UsersTableViewController.swift in Sources */,
				792D08592847ACB9005E9699 /* UpdateUserRequest.swift in Sources */,
				792D085328478306005E9699 /* UserDetailsHeaderTableViewCell.swift in Sources */,
				796805C42846ABC700BAD979 /* MenuItemModel.swift in Sources */,
				796805BC2846A22D00BAD979 /* AccountSettingsTableViewController.swift in Sources */,
				797648D62832637500E1847F /* Constants.swift in Sources */,
			);
			runOnlyForDeploymentPostprocessing = 0;
		};
/* End PBXSourcesBuildPhase section */

/* Begin PBXVariantGroup section */
		79CCCFAB2829902B00C44D41 /* Main.storyboard */ = {
			isa = PBXVariantGroup;
			children = (
				79CCCFAC2829902B00C44D41 /* Base */,
			);
			name = Main.storyboard;
			sourceTree = "<group>";
		};
		79CCCFB02829902C00C44D41 /* LaunchScreen.storyboard */ = {
			isa = PBXVariantGroup;
			children = (
				79CCCFB12829902C00C44D41 /* Base */,
			);
			name = LaunchScreen.storyboard;
			sourceTree = "<group>";
		};
/* End PBXVariantGroup section */

/* Begin XCBuildConfiguration section */
		79CCCFB42829902C00C44D41 /* Debug */ = {
			isa = XCBuildConfiguration;
			buildSettings = {
				ALWAYS_SEARCH_USER_PATHS = NO;
				CLANG_ANALYZER_NONNULL = YES;
				CLANG_ANALYZER_NUMBER_OBJECT_CONVERSION = YES_AGGRESSIVE;
				CLANG_CXX_LANGUAGE_STANDARD = "gnu++17";
				CLANG_CXX_LIBRARY = "libc++";
				CLANG_ENABLE_MODULES = YES;
				CLANG_ENABLE_OBJC_ARC = YES;
				CLANG_ENABLE_OBJC_WEAK = YES;
				CLANG_WARN_BLOCK_CAPTURE_AUTORELEASING = YES;
				CLANG_WARN_BOOL_CONVERSION = YES;
				CLANG_WARN_COMMA = YES;
				CLANG_WARN_CONSTANT_CONVERSION = YES;
				CLANG_WARN_DEPRECATED_OBJC_IMPLEMENTATIONS = YES;
				CLANG_WARN_DIRECT_OBJC_ISA_USAGE = YES_ERROR;
				CLANG_WARN_DOCUMENTATION_COMMENTS = YES;
				CLANG_WARN_EMPTY_BODY = YES;
				CLANG_WARN_ENUM_CONVERSION = YES;
				CLANG_WARN_INFINITE_RECURSION = YES;
				CLANG_WARN_INT_CONVERSION = YES;
				CLANG_WARN_NON_LITERAL_NULL_CONVERSION = YES;
				CLANG_WARN_OBJC_IMPLICIT_RETAIN_SELF = YES;
				CLANG_WARN_OBJC_LITERAL_CONVERSION = YES;
				CLANG_WARN_OBJC_ROOT_CLASS = YES_ERROR;
				CLANG_WARN_QUOTED_INCLUDE_IN_FRAMEWORK_HEADER = YES;
				CLANG_WARN_RANGE_LOOP_ANALYSIS = YES;
				CLANG_WARN_STRICT_PROTOTYPES = YES;
				CLANG_WARN_SUSPICIOUS_MOVE = YES;
				CLANG_WARN_UNGUARDED_AVAILABILITY = YES_AGGRESSIVE;
				CLANG_WARN_UNREACHABLE_CODE = YES;
				CLANG_WARN__DUPLICATE_METHOD_MATCH = YES;
				COPY_PHASE_STRIP = NO;
				DEBUG_INFORMATION_FORMAT = dwarf;
				ENABLE_STRICT_OBJC_MSGSEND = YES;
				ENABLE_TESTABILITY = YES;
				GCC_C_LANGUAGE_STANDARD = gnu11;
				GCC_DYNAMIC_NO_PIC = NO;
				GCC_NO_COMMON_BLOCKS = YES;
				GCC_OPTIMIZATION_LEVEL = 0;
				GCC_PREPROCESSOR_DEFINITIONS = (
					"DEBUG=1",
					"$(inherited)",
				);
				GCC_WARN_64_TO_32_BIT_CONVERSION = YES;
				GCC_WARN_ABOUT_RETURN_TYPE = YES_ERROR;
				GCC_WARN_UNDECLARED_SELECTOR = YES;
				GCC_WARN_UNINITIALIZED_AUTOS = YES_AGGRESSIVE;
				GCC_WARN_UNUSED_FUNCTION = YES;
				GCC_WARN_UNUSED_VARIABLE = YES;
				IPHONEOS_DEPLOYMENT_TARGET = 15.0;
				MTL_ENABLE_DEBUG_INFO = INCLUDE_SOURCE;
				MTL_FAST_MATH = YES;
				ONLY_ACTIVE_ARCH = YES;
				SDKROOT = iphoneos;
				SWIFT_ACTIVE_COMPILATION_CONDITIONS = DEBUG;
				SWIFT_OPTIMIZATION_LEVEL = "-Onone";
			};
			name = Debug;
		};
		79CCCFB52829902C00C44D41 /* Release */ = {
			isa = XCBuildConfiguration;
			buildSettings = {
				ALWAYS_SEARCH_USER_PATHS = NO;
				CLANG_ANALYZER_NONNULL = YES;
				CLANG_ANALYZER_NUMBER_OBJECT_CONVERSION = YES_AGGRESSIVE;
				CLANG_CXX_LANGUAGE_STANDARD = "gnu++17";
				CLANG_CXX_LIBRARY = "libc++";
				CLANG_ENABLE_MODULES = YES;
				CLANG_ENABLE_OBJC_ARC = YES;
				CLANG_ENABLE_OBJC_WEAK = YES;
				CLANG_WARN_BLOCK_CAPTURE_AUTORELEASING = YES;
				CLANG_WARN_BOOL_CONVERSION = YES;
				CLANG_WARN_COMMA = YES;
				CLANG_WARN_CONSTANT_CONVERSION = YES;
				CLANG_WARN_DEPRECATED_OBJC_IMPLEMENTATIONS = YES;
				CLANG_WARN_DIRECT_OBJC_ISA_USAGE = YES_ERROR;
				CLANG_WARN_DOCUMENTATION_COMMENTS = YES;
				CLANG_WARN_EMPTY_BODY = YES;
				CLANG_WARN_ENUM_CONVERSION = YES;
				CLANG_WARN_INFINITE_RECURSION = YES;
				CLANG_WARN_INT_CONVERSION = YES;
				CLANG_WARN_NON_LITERAL_NULL_CONVERSION = YES;
				CLANG_WARN_OBJC_IMPLICIT_RETAIN_SELF = YES;
				CLANG_WARN_OBJC_LITERAL_CONVERSION = YES;
				CLANG_WARN_OBJC_ROOT_CLASS = YES_ERROR;
				CLANG_WARN_QUOTED_INCLUDE_IN_FRAMEWORK_HEADER = YES;
				CLANG_WARN_RANGE_LOOP_ANALYSIS = YES;
				CLANG_WARN_STRICT_PROTOTYPES = YES;
				CLANG_WARN_SUSPICIOUS_MOVE = YES;
				CLANG_WARN_UNGUARDED_AVAILABILITY = YES_AGGRESSIVE;
				CLANG_WARN_UNREACHABLE_CODE = YES;
				CLANG_WARN__DUPLICATE_METHOD_MATCH = YES;
				COPY_PHASE_STRIP = NO;
				DEBUG_INFORMATION_FORMAT = "dwarf-with-dsym";
				ENABLE_NS_ASSERTIONS = NO;
				ENABLE_STRICT_OBJC_MSGSEND = YES;
				GCC_C_LANGUAGE_STANDARD = gnu11;
				GCC_NO_COMMON_BLOCKS = YES;
				GCC_WARN_64_TO_32_BIT_CONVERSION = YES;
				GCC_WARN_ABOUT_RETURN_TYPE = YES_ERROR;
				GCC_WARN_UNDECLARED_SELECTOR = YES;
				GCC_WARN_UNINITIALIZED_AUTOS = YES_AGGRESSIVE;
				GCC_WARN_UNUSED_FUNCTION = YES;
				GCC_WARN_UNUSED_VARIABLE = YES;
				IPHONEOS_DEPLOYMENT_TARGET = 15.0;
				MTL_ENABLE_DEBUG_INFO = NO;
				MTL_FAST_MATH = YES;
				SDKROOT = iphoneos;
				SWIFT_COMPILATION_MODE = wholemodule;
				SWIFT_OPTIMIZATION_LEVEL = "-O";
				VALIDATE_PRODUCT = YES;
			};
			name = Release;
		};
		79CCCFB72829902C00C44D41 /* Debug */ = {
			isa = XCBuildConfiguration;
			baseConfigurationReference = 5D7D6C52548C474A16CE0349 /* Pods-Logotime.debug.xcconfig */;
			buildSettings = {
				ASSETCATALOG_COMPILER_APPICON_NAME = AppIcon;
				ASSETCATALOG_COMPILER_GLOBAL_ACCENT_COLOR_NAME = AccentColor;
				CODE_SIGN_STYLE = Automatic;
				CURRENT_PROJECT_VERSION = 1;
				DEVELOPMENT_TEAM = MU7S6322ML;
				GENERATE_INFOPLIST_FILE = YES;
				INFOPLIST_FILE = Logotime/Info.plist;
				INFOPLIST_KEY_UIApplicationSupportsIndirectInputEvents = YES;
				INFOPLIST_KEY_UILaunchStoryboardName = LaunchScreen;
				INFOPLIST_KEY_UIMainStoryboardFile = Main;
				INFOPLIST_KEY_UISupportedInterfaceOrientations = UIInterfaceOrientationPortrait;
				INFOPLIST_KEY_UISupportedInterfaceOrientations_iPad = "UIInterfaceOrientationPortrait UIInterfaceOrientationPortraitUpsideDown UIInterfaceOrientationLandscapeLeft UIInterfaceOrientationLandscapeRight";
				INFOPLIST_KEY_UISupportedInterfaceOrientations_iPhone = "UIInterfaceOrientationPortrait UIInterfaceOrientationLandscapeLeft UIInterfaceOrientationLandscapeRight";
				LD_RUNPATH_SEARCH_PATHS = (
					"$(inherited)",
					"@executable_path/Frameworks",
				);
				MARKETING_VERSION = 1.0;
				PRODUCT_BUNDLE_IDENTIFIER = com.olgarom.Logotime;
				PRODUCT_NAME = "$(TARGET_NAME)";
				SWIFT_EMIT_LOC_STRINGS = YES;
				SWIFT_VERSION = 5.0;
				TARGETED_DEVICE_FAMILY = "1,2";
			};
			name = Debug;
		};
		79CCCFB82829902C00C44D41 /* Release */ = {
			isa = XCBuildConfiguration;
			baseConfigurationReference = 0F3E80A9942F433FCBE01C86 /* Pods-Logotime.release.xcconfig */;
			buildSettings = {
				ASSETCATALOG_COMPILER_APPICON_NAME = AppIcon;
				ASSETCATALOG_COMPILER_GLOBAL_ACCENT_COLOR_NAME = AccentColor;
				CODE_SIGN_STYLE = Automatic;
				CURRENT_PROJECT_VERSION = 1;
				DEVELOPMENT_TEAM = MU7S6322ML;
				GENERATE_INFOPLIST_FILE = YES;
				INFOPLIST_FILE = Logotime/Info.plist;
				INFOPLIST_KEY_UIApplicationSupportsIndirectInputEvents = YES;
				INFOPLIST_KEY_UILaunchStoryboardName = LaunchScreen;
				INFOPLIST_KEY_UIMainStoryboardFile = Main;
				INFOPLIST_KEY_UISupportedInterfaceOrientations = UIInterfaceOrientationPortrait;
				INFOPLIST_KEY_UISupportedInterfaceOrientations_iPad = "UIInterfaceOrientationPortrait UIInterfaceOrientationPortraitUpsideDown UIInterfaceOrientationLandscapeLeft UIInterfaceOrientationLandscapeRight";
				INFOPLIST_KEY_UISupportedInterfaceOrientations_iPhone = "UIInterfaceOrientationPortrait UIInterfaceOrientationLandscapeLeft UIInterfaceOrientationLandscapeRight";
				LD_RUNPATH_SEARCH_PATHS = (
					"$(inherited)",
					"@executable_path/Frameworks",
				);
				MARKETING_VERSION = 1.0;
				PRODUCT_BUNDLE_IDENTIFIER = com.olgarom.Logotime;
				PRODUCT_NAME = "$(TARGET_NAME)";
				SWIFT_EMIT_LOC_STRINGS = YES;
				SWIFT_VERSION = 5.0;
				TARGETED_DEVICE_FAMILY = "1,2";
			};
			name = Release;
		};
/* End XCBuildConfiguration section */

/* Begin XCConfigurationList section */
		79CCCF9D2829902A00C44D41 /* Build configuration list for PBXProject "Logotime" */ = {
			isa = XCConfigurationList;
			buildConfigurations = (
				79CCCFB42829902C00C44D41 /* Debug */,
				79CCCFB52829902C00C44D41 /* Release */,
			);
			defaultConfigurationIsVisible = 0;
			defaultConfigurationName = Release;
		};
		79CCCFB62829902C00C44D41 /* Build configuration list for PBXNativeTarget "Logotime" */ = {
			isa = XCConfigurationList;
			buildConfigurations = (
				79CCCFB72829902C00C44D41 /* Debug */,
				79CCCFB82829902C00C44D41 /* Release */,
			);
			defaultConfigurationIsVisible = 0;
			defaultConfigurationName = Release;
		};
/* End XCConfigurationList section */
	};
	rootObject = 79CCCF9A2829902A00C44D41 /* Project object */;
}
