// !$*UTF8*$!
{
	archiveVersion = 1;
	classes = {
	};
	objectVersion = 55;
	objects = {

/* Begin PBXBuildFile section */
		45C3CE6EB76B8008F4038363 /* Pods_Logotime.framework in Frameworks */ = {isa = PBXBuildFile; fileRef = AB3191B4C53C0CF85E0BBA07 /* Pods_Logotime.framework */; };
		795281E02835922C0068C810 /* OrganisationSize.swift in Sources */ = {isa = PBXBuildFile; fileRef = 795281DF2835922C0068C810 /* OrganisationSize.swift */; };
		795281E22835935C0068C810 /* RuleCreationViewController.swift in Sources */ = {isa = PBXBuildFile; fileRef = 795281E12835935C0068C810 /* RuleCreationViewController.swift */; };
		7968059A2845631B00BAD979 /* TokenModel.swift in Sources */ = {isa = PBXBuildFile; fileRef = 796805992845631B00BAD979 /* TokenModel.swift */; };
		7968059C2845647900BAD979 /* TokenResponseModel.swift in Sources */ = {isa = PBXBuildFile; fileRef = 7968059B2845647900BAD979 /* TokenResponseModel.swift */; };
		7968059F2845687A00BAD979 /* EmailValidation.swift in Sources */ = {isa = PBXBuildFile; fileRef = 7968059E2845687A00BAD979 /* EmailValidation.swift */; };
		796805A328456EF200BAD979 /* ShiftsViewController.swift in Sources */ = {isa = PBXBuildFile; fileRef = 796805A228456EF200BAD979 /* ShiftsViewController.swift */; };
		796805A52845800200BAD979 /* OrganisationUsersTableViewController.swift in Sources */ = {isa = PBXBuildFile; fileRef = 796805A42845800200BAD979 /* OrganisationUsersTableViewController.swift */; };
		796805B02845812E00BAD979 /* OrganisationUser.swift in Sources */ = {isa = PBXBuildFile; fileRef = 796805AF2845812E00BAD979 /* OrganisationUser.swift */; };
		796805B42845822000BAD979 /* UserRole.swift in Sources */ = {isa = PBXBuildFile; fileRef = 796805B32845822000BAD979 /* UserRole.swift */; };
		797648D42832623400E1847F /* OwnerCreationModel.swift in Sources */ = {isa = PBXBuildFile; fileRef = 797648D32832623400E1847F /* OwnerCreationModel.swift */; };
		797648D62832637500E1847F /* Constants.swift in Sources */ = {isa = PBXBuildFile; fileRef = 797648D52832637500E1847F /* Constants.swift */; };
		79B3AA4F28398CCC002D9022 /* RuleCreationModel.swift in Sources */ = {isa = PBXBuildFile; fileRef = 79B3AA4E28398CCC002D9022 /* RuleCreationModel.swift */; };
		79B3AA5128398EA7002D9022 /* OrganisationRegistrationModel.swift in Sources */ = {isa = PBXBuildFile; fileRef = 79B3AA5028398EA7002D9022 /* OrganisationRegistrationModel.swift */; };
		79B3AA53283AD6F2002D9022 /* LoginModel.swift in Sources */ = {isa = PBXBuildFile; fileRef = 79B3AA52283AD6F2002D9022 /* LoginModel.swift */; };
		79CCCFA62829902B00C44D41 /* AppDelegate.swift in Sources */ = {isa = PBXBuildFile; fileRef = 79CCCFA52829902B00C44D41 /* AppDelegate.swift */; };
		79CCCFA82829902B00C44D41 /* SceneDelegate.swift in Sources */ = {isa = PBXBuildFile; fileRef = 79CCCFA72829902B00C44D41 /* SceneDelegate.swift */; };
		79CCCFAA2829902B00C44D41 /* WelcomeViewController.swift in Sources */ = {isa = PBXBuildFile; fileRef = 79CCCFA92829902B00C44D41 /* WelcomeViewController.swift */; };
		79CCCFAD2829902B00C44D41 /* Main.storyboard in Resources */ = {isa = PBXBuildFile; fileRef = 79CCCFAB2829902B00C44D41 /* Main.storyboard */; };
		79CCCFAF2829902C00C44D41 /* Assets.xcassets in Resources */ = {isa = PBXBuildFile; fileRef = 79CCCFAE2829902C00C44D41 /* Assets.xcassets */; };
		79CCCFB22829902C00C44D41 /* LaunchScreen.storyboard in Resources */ = {isa = PBXBuildFile; fileRef = 79CCCFB02829902C00C44D41 /* LaunchScreen.storyboard */; };
		79CCCFBD28299EC800C44D41 /* LoginViewController.swift in Sources */ = {isa = PBXBuildFile; fileRef = 79CCCFBC28299EC800C44D41 /* LoginViewController.swift */; };
		79DE15CF28340B7400342C02 /* OwnerCreationViewController.swift in Sources */ = {isa = PBXBuildFile; fileRef = 79DE15CE28340B7400342C02 /* OwnerCreationViewController.swift */; };
		79DE15D128341BAB00342C02 /* OrganisationCreationViewController.swift in Sources */ = {isa = PBXBuildFile; fileRef = 79DE15D028341BAB00342C02 /* OrganisationCreationViewController.swift */; };
		79DE15D328343E5700342C02 /* RadioButtonsController.swift in Sources */ = {isa = PBXBuildFile; fileRef = 79DE15D228343E5700342C02 /* RadioButtonsController.swift */; };
/* End PBXBuildFile section */

/* Begin PBXFileReference section */
		0F3E80A9942F433FCBE01C86 /* Pods-Logotime.release.xcconfig */ = {isa = PBXFileReference; includeInIndex = 1; lastKnownFileType = text.xcconfig; name = "Pods-Logotime.release.xcconfig"; path = "Target Support Files/Pods-Logotime/Pods-Logotime.release.xcconfig"; sourceTree = "<group>"; };
		5D7D6C52548C474A16CE0349 /* Pods-Logotime.debug.xcconfig */ = {isa = PBXFileReference; includeInIndex = 1; lastKnownFileType = text.xcconfig; name = "Pods-Logotime.debug.xcconfig"; path = "Target Support Files/Pods-Logotime/Pods-Logotime.debug.xcconfig"; sourceTree = "<group>"; };
		795281DF2835922C0068C810 /* OrganisationSize.swift */ = {isa = PBXFileReference; lastKnownFileType = sourcecode.swift; path = OrganisationSize.swift; sourceTree = "<group>"; };
		795281E12835935C0068C810 /* RuleCreationViewController.swift */ = {isa = PBXFileReference; lastKnownFileType = sourcecode.swift; path = RuleCreationViewController.swift; sourceTree = "<group>"; };
		796805992845631B00BAD979 /* TokenModel.swift */ = {isa = PBXFileReference; lastKnownFileType = sourcecode.swift; path = TokenModel.swift; sourceTree = "<group>"; };
		7968059B2845647900BAD979 /* TokenResponseModel.swift */ = {isa = PBXFileReference; lastKnownFileType = sourcecode.swift; path = TokenResponseModel.swift; sourceTree = "<group>"; };
		7968059E2845687A00BAD979 /* EmailValidation.swift */ = {isa = PBXFileReference; lastKnownFileType = sourcecode.swift; path = EmailValidation.swift; sourceTree = "<group>"; };
		796805A228456EF200BAD979 /* ShiftsViewController.swift */ = {isa = PBXFileReference; lastKnownFileType = sourcecode.swift; path = ShiftsViewController.swift; sourceTree = "<group>"; };
		796805A42845800200BAD979 /* OrganisationUsersTableViewController.swift */ = {isa = PBXFileReference; lastKnownFileType = sourcecode.swift; path = OrganisationUsersTableViewController.swift; sourceTree = "<group>"; };
		796805AF2845812E00BAD979 /* OrganisationUser.swift */ = {isa = PBXFileReference; lastKnownFileType = sourcecode.swift; path = OrganisationUser.swift; sourceTree = "<group>"; };
		796805B32845822000BAD979 /* UserRole.swift */ = {isa = PBXFileReference; lastKnownFileType = sourcecode.swift; path = UserRole.swift; sourceTree = "<group>"; };
		797648D32832623400E1847F /* OwnerCreationModel.swift */ = {isa = PBXFileReference; lastKnownFileType = sourcecode.swift; path = OwnerCreationModel.swift; sourceTree = "<group>"; };
		797648D52832637500E1847F /* Constants.swift */ = {isa = PBXFileReference; lastKnownFileType = sourcecode.swift; name = Constants.swift; path = Logotime/Constants.swift; sourceTree = "<group>"; };
		79B3AA4E28398CCC002D9022 /* RuleCreationModel.swift */ = {isa = PBXFileReference; lastKnownFileType = sourcecode.swift; path = RuleCreationModel.swift; sourceTree = "<group>"; };
		79B3AA5028398EA7002D9022 /* OrganisationRegistrationModel.swift */ = {isa = PBXFileReference; lastKnownFileType = sourcecode.swift; path = OrganisationRegistrationModel.swift; sourceTree = "<group>"; };
		79B3AA52283AD6F2002D9022 /* LoginModel.swift */ = {isa = PBXFileReference; lastKnownFileType = sourcecode.swift; path = LoginModel.swift; sourceTree = "<group>"; };
		79CCCFA22829902A00C44D41 /* Logotime.app */ = {isa = PBXFileReference; explicitFileType = wrapper.application; includeInIndex = 0; path = Logotime.app; sourceTree = BUILT_PRODUCTS_DIR; };
		79CCCFA52829902B00C44D41 /* AppDelegate.swift */ = {isa = PBXFileReference; lastKnownFileType = sourcecode.swift; path = AppDelegate.swift; sourceTree = "<group>"; };
		79CCCFA72829902B00C44D41 /* SceneDelegate.swift */ = {isa = PBXFileReference; lastKnownFileType = sourcecode.swift; path = SceneDelegate.swift; sourceTree = "<group>"; };
		79CCCFA92829902B00C44D41 /* WelcomeViewController.swift */ = {isa = PBXFileReference; lastKnownFileType = sourcecode.swift; path = WelcomeViewController.swift; sourceTree = "<group>"; };
		79CCCFAC2829902B00C44D41 /* Base */ = {isa = PBXFileReference; lastKnownFileType = file.storyboard; name = Base; path = Base.lproj/Main.storyboard; sourceTree = "<group>"; };
		79CCCFAE2829902C00C44D41 /* Assets.xcassets */ = {isa = PBXFileReference; lastKnownFileType = folder.assetcatalog; path = Assets.xcassets; sourceTree = "<group>"; };
		79CCCFB12829902C00C44D41 /* Base */ = {isa = PBXFileReference; lastKnownFileType = file.storyboard; name = Base; path = Base.lproj/LaunchScreen.storyboard; sourceTree = "<group>"; };
		79CCCFB32829902C00C44D41 /* Info.plist */ = {isa = PBXFileReference; lastKnownFileType = text.plist.xml; path = Info.plist; sourceTree = "<group>"; };
		79CCCFBC28299EC800C44D41 /* LoginViewController.swift */ = {isa = PBXFileReference; lastKnownFileType = sourcecode.swift; path = LoginViewController.swift; sourceTree = "<group>"; };
		79DE15CE28340B7400342C02 /* OwnerCreationViewController.swift */ = {isa = PBXFileReference; lastKnownFileType = sourcecode.swift; path = OwnerCreationViewController.swift; sourceTree = "<group>"; };
		79DE15D028341BAB00342C02 /* OrganisationCreationViewController.swift */ = {isa = PBXFileReference; lastKnownFileType = sourcecode.swift; path = OrganisationCreationViewController.swift; sourceTree = "<group>"; };
		79DE15D228343E5700342C02 /* RadioButtonsController.swift */ = {isa = PBXFileReference; lastKnownFileType = sourcecode.swift; path = RadioButtonsController.swift; sourceTree = "<group>"; };
		AB3191B4C53C0CF85E0BBA07 /* Pods_Logotime.framework */ = {isa = PBXFileReference; explicitFileType = wrapper.framework; includeInIndex = 0; path = Pods_Logotime.framework; sourceTree = BUILT_PRODUCTS_DIR; };
/* End PBXFileReference section */

/* Begin PBXFrameworksBuildPhase section */
		79CCCF9F2829902A00C44D41 /* Frameworks */ = {
			isa = PBXFrameworksBuildPhase;
			buildActionMask = 2147483647;
			files = (
				45C3CE6EB76B8008F4038363 /* Pods_Logotime.framework in Frameworks */,
			);
			runOnlyForDeploymentPostprocessing = 0;
		};
/* End PBXFrameworksBuildPhase section */

/* Begin PBXGroup section */
		0007DF428EBCEE1B8EB83A99 /* Pods */ = {
			isa = PBXGroup;
			children = (
				5D7D6C52548C474A16CE0349 /* Pods-Logotime.debug.xcconfig */,
				0F3E80A9942F433FCBE01C86 /* Pods-Logotime.release.xcconfig */,
			);
			path = Pods;
			sourceTree = "<group>";
		};
		7968059D2845686900BAD979 /* Validation */ = {
			isa = PBXGroup;
			children = (
				7968059E2845687A00BAD979 /* EmailValidation.swift */,
			);
			path = Validation;
			sourceTree = "<group>";
		};
		796805A62845801200BAD979 /* Authorization */ = {
			isa = PBXGroup;
			children = (
				796805A82845802700BAD979 /* Login */,
				796805A72845801D00BAD979 /* Registration */,
			);
			path = Authorization;
			sourceTree = "<group>";
		};
		796805A72845801D00BAD979 /* Registration */ = {
			isa = PBXGroup;
			children = (
				796805AB2845805900BAD979 /* Controller */,
				796805AA2845805200BAD979 /* View */,
				796805A92845804D00BAD979 /* Model */,
			);
			path = Registration;
			sourceTree = "<group>";
		};
		796805A82845802700BAD979 /* Login */ = {
			isa = PBXGroup;
			children = (
				796805AE2845808700BAD979 /* Controller */,
				796805AD2845807A00BAD979 /* Model */,
				796805AC2845806500BAD979 /* View */,
			);
			path = Login;
			sourceTree = "<group>";
		};
		796805A92845804D00BAD979 /* Model */ = {
			isa = PBXGroup;
			children = (
				797648D32832623400E1847F /* OwnerCreationModel.swift */,
				795281DF2835922C0068C810 /* OrganisationSize.swift */,
				79B3AA4E28398CCC002D9022 /* RuleCreationModel.swift */,
				79B3AA5028398EA7002D9022 /* OrganisationRegistrationModel.swift */,
			);
			path = Model;
			sourceTree = "<group>";
		};
		796805AA2845805200BAD979 /* View */ = {
			isa = PBXGroup;
			children = (
			);
			path = View;
			sourceTree = "<group>";
		};
		796805AB2845805900BAD979 /* Controller */ = {
			isa = PBXGroup;
			children = (
				79DE15CE28340B7400342C02 /* OwnerCreationViewController.swift */,
				79DE15D028341BAB00342C02 /* OrganisationCreationViewController.swift */,
				795281E12835935C0068C810 /* RuleCreationViewController.swift */,
			);
			path = Controller;
			sourceTree = "<group>";
		};
		796805AC2845806500BAD979 /* View */ = {
			isa = PBXGroup;
			children = (
			);
			path = View;
			sourceTree = "<group>";
		};
		796805AD2845807A00BAD979 /* Model */ = {
			isa = PBXGroup;
			children = (
				79B3AA52283AD6F2002D9022 /* LoginModel.swift */,
				796805992845631B00BAD979 /* TokenModel.swift */,
				7968059B2845647900BAD979 /* TokenResponseModel.swift */,
			);
			path = Model;
			sourceTree = "<group>";
		};
		796805AE2845808700BAD979 /* Controller */ = {
			isa = PBXGroup;
			children = (
				79CCCFBC28299EC800C44D41 /* LoginViewController.swift */,
			);
			path = Controller;
			sourceTree = "<group>";
		};
		796805B12845820B00BAD979 /* User */ = {
			isa = PBXGroup;
			children = (
				796805B22845821100BAD979 /* Model */,
			);
			path = User;
			sourceTree = "<group>";
		};
		796805B22845821100BAD979 /* Model */ = {
			isa = PBXGroup;
			children = (
				796805B32845822000BAD979 /* UserRole.swift */,
			);
			path = Model;
			sourceTree = "<group>";
		};
		79CCCF992829902A00C44D41 = {
			isa = PBXGroup;
			children = (
				797648D52832637500E1847F /* Constants.swift */,
				79CCCFA42829902A00C44D41 /* Logotime */,
				79CCCFA32829902A00C44D41 /* Products */,
				0007DF428EBCEE1B8EB83A99 /* Pods */,
				CA5C18DEEC7282B76CE07DE3 /* Frameworks */,
			);
			sourceTree = "<group>";
		};
		79CCCFA32829902A00C44D41 /* Products */ = {
			isa = PBXGroup;
			children = (
				79CCCFA22829902A00C44D41 /* Logotime.app */,
			);
			name = Products;
			sourceTree = "<group>";
		};
		79CCCFA42829902A00C44D41 /* Logotime */ = {
			isa = PBXGroup;
			children = (
				796805B12845820B00BAD979 /* User */,
				796805A62845801200BAD979 /* Authorization */,
				7968059D2845686900BAD979 /* Validation */,
				79CCCFBB28299E6800C44D41 /* Controller */,
				79CCCFBA28299E6300C44D41 /* View */,
				79CCCFB928299E5A00C44D41 /* Model */,
				79CCCFA52829902B00C44D41 /* AppDelegate.swift */,
				79CCCFA72829902B00C44D41 /* SceneDelegate.swift */,
				79CCCFAE2829902C00C44D41 /* Assets.xcassets */,
				79CCCFB02829902C00C44D41 /* LaunchScreen.storyboard */,
				79CCCFB32829902C00C44D41 /* Info.plist */,
			);
			path = Logotime;
			sourceTree = "<group>";
		};
		79CCCFB928299E5A00C44D41 /* Model */ = {
			isa = PBXGroup;
			children = (
				796805AF2845812E00BAD979 /* OrganisationUser.swift */,
			);
			path = Model;
			sourceTree = "<group>";
		};
		79CCCFBA28299E6300C44D41 /* View */ = {
			isa = PBXGroup;
			children = (
				79CCCFAB2829902B00C44D41 /* Main.storyboard */,
			);
			path = View;
			sourceTree = "<group>";
		};
		79CCCFBB28299E6800C44D41 /* Controller */ = {
			isa = PBXGroup;
			children = (
				79CCCFA92829902B00C44D41 /* WelcomeViewController.swift */,
				79DE15D228343E5700342C02 /* RadioButtonsController.swift */,
				796805A228456EF200BAD979 /* ShiftsViewController.swift */,
				796805A42845800200BAD979 /* OrganisationUsersTableViewController.swift */,
			);
			path = Controller;
			sourceTree = "<group>";
		};
		CA5C18DEEC7282B76CE07DE3 /* Frameworks */ = {
			isa = PBXGroup;
			children = (
				AB3191B4C53C0CF85E0BBA07 /* Pods_Logotime.framework */,
			);
			name = Frameworks;
			sourceTree = "<group>";
		};
/* End PBXGroup section */

/* Begin PBXNativeTarget section */
		79CCCFA12829902A00C44D41 /* Logotime */ = {
			isa = PBXNativeTarget;
			buildConfigurationList = 79CCCFB62829902C00C44D41 /* Build configuration list for PBXNativeTarget "Logotime" */;
			buildPhases = (
				C95B2B955C4D7FBC976634CA /* [CP] Check Pods Manifest.lock */,
				79CCCF9E2829902A00C44D41 /* Sources */,
				79CCCF9F2829902A00C44D41 /* Frameworks */,
				79CCCFA02829902A00C44D41 /* Resources */,
				CAE339EA078335624F46456A /* [CP] Embed Pods Frameworks */,
			);
			buildRules = (
			);
			dependencies = (
			);
			name = Logotime;
			productName = Logotime;
			productReference = 79CCCFA22829902A00C44D41 /* Logotime.app */;
			productType = "com.apple.product-type.application";
		};
/* End PBXNativeTarget section */

/* Begin PBXProject section */
		79CCCF9A2829902A00C44D41 /* Project object */ = {
			isa = PBXProject;
			attributes = {
				BuildIndependentTargetsInParallel = 1;
				LastSwiftUpdateCheck = 1310;
				LastUpgradeCheck = 1310;
				TargetAttributes = {
					79CCCFA12829902A00C44D41 = {
						CreatedOnToolsVersion = 13.1;
					};
				};
			};
			buildConfigurationList = 79CCCF9D2829902A00C44D41 /* Build configuration list for PBXProject "Logotime" */;
			compatibilityVersion = "Xcode 13.0";
			developmentRegion = en;
			hasScannedForEncodings = 0;
			knownRegions = (
				en,
				Base,
			);
			mainGroup = 79CCCF992829902A00C44D41;
			productRefGroup = 79CCCFA32829902A00C44D41 /* Products */;
			projectDirPath = "";
			projectRoot = "";
			targets = (
				79CCCFA12829902A00C44D41 /* Logotime */,
			);
		};
/* End PBXProject section */

/* Begin PBXResourcesBuildPhase section */
		79CCCFA02829902A00C44D41 /* Resources */ = {
			isa = PBXResourcesBuildPhase;
			buildActionMask = 2147483647;
			files = (
				79CCCFB22829902C00C44D41 /* LaunchScreen.storyboard in Resources */,
				79CCCFAF2829902C00C44D41 /* Assets.xcassets in Resources */,
				79CCCFAD2829902B00C44D41 /* Main.storyboard in Resources */,
			);
			runOnlyForDeploymentPostprocessing = 0;
		};
/* End PBXResourcesBuildPhase section */

/* Begin PBXShellScriptBuildPhase section */
		C95B2B955C4D7FBC976634CA /* [CP] Check Pods Manifest.lock */ = {
			isa = PBXShellScriptBuildPhase;
			buildActionMask = 2147483647;
			files = (
			);
			inputFileListPaths = (
			);
			inputPaths = (
				"${PODS_PODFILE_DIR_PATH}/Podfile.lock",
				"${PODS_ROOT}/Manifest.lock",
			);
			name = "[CP] Check Pods Manifest.lock";
			outputFileListPaths = (
			);
			outputPaths = (
				"$(DERIVED_FILE_DIR)/Pods-Logotime-checkManifestLockResult.txt",
			);
			runOnlyForDeploymentPostprocessing = 0;
			shellPath = /bin/sh;
			shellScript = "diff \"${PODS_PODFILE_DIR_PATH}/Podfile.lock\" \"${PODS_ROOT}/Manifest.lock\" > /dev/null\nif [ $? != 0 ] ; then\n    # print error to STDERR\n    echo \"error: The sandbox is not in sync with the Podfile.lock. Run 'pod install' or update your CocoaPods installation.\" >&2\n    exit 1\nfi\n# This output is used by Xcode 'outputs' to avoid re-running this script phase.\necho \"SUCCESS\" > \"${SCRIPT_OUTPUT_FILE_0}\"\n";
			showEnvVarsInLog = 0;
		};
		CAE339EA078335624F46456A /* [CP] Embed Pods Frameworks */ = {
			isa = PBXShellScriptBuildPhase;
			buildActionMask = 2147483647;
			files = (
			);
			inputFileListPaths = (
				"${PODS_ROOT}/Target Support Files/Pods-Logotime/Pods-Logotime-frameworks-${CONFIGURATION}-input-files.xcfilelist",
			);
			name = "[CP] Embed Pods Frameworks";
			outputFileListPaths = (
				"${PODS_ROOT}/Target Support Files/Pods-Logotime/Pods-Logotime-frameworks-${CONFIGURATION}-output-files.xcfilelist",
			);
			runOnlyForDeploymentPostprocessing = 0;
			shellPath = /bin/sh;
			shellScript = "\"${PODS_ROOT}/Target Support Files/Pods-Logotime/Pods-Logotime-frameworks.sh\"\n";
			showEnvVarsInLog = 0;
		};
/* End PBXShellScriptBuildPhase section */

/* Begin PBXSourcesBuildPhase section */
		79CCCF9E2829902A00C44D41 /* Sources */ = {
			isa = PBXSourcesBuildPhase;
			buildActionMask = 2147483647;
			files = (
				79DE15D328343E5700342C02 /* RadioButtonsController.swift in Sources */,
				79B3AA53283AD6F2002D9022 /* LoginModel.swift in Sources */,
				79CCCFBD28299EC800C44D41 /* LoginViewController.swift in Sources */,
				79B3AA5128398EA7002D9022 /* OrganisationRegistrationModel.swift in Sources */,
				7968059C2845647900BAD979 /* TokenResponseModel.swift in Sources */,
				79CCCFAA2829902B00C44D41 /* WelcomeViewController.swift in Sources */,
				79CCCFA62829902B00C44D41 /* AppDelegate.swift in Sources */,
				795281E02835922C0068C810 /* OrganisationSize.swift in Sources */,
				795281E22835935C0068C810 /* RuleCreationViewController.swift in Sources */,
				79DE15CF28340B7400342C02 /* OwnerCreationViewController.swift in Sources */,
				796805B02845812E00BAD979 /* OrganisationUser.swift in Sources */,
				797648D42832623400E1847F /* OwnerCreationModel.swift in Sources */,
				79B3AA4F28398CCC002D9022 /* RuleCreationModel.swift in Sources */,
				7968059F2845687A00BAD979 /* EmailValidation.swift in Sources */,
				79DE15D128341BAB00342C02 /* OrganisationCreationViewController.swift in Sources */,
				796805B42845822000BAD979 /* UserRole.swift in Sources */,
				79CCCFA82829902B00C44D41 /* SceneDelegate.swift in Sources */,
				796805A328456EF200BAD979 /* ShiftsViewController.swift in Sources */,
				7968059A2845631B00BAD979 /* TokenModel.swift in Sources */,
				796805A52845800200BAD979 /* OrganisationUsersTableViewController.swift in Sources */,
				797648D62832637500E1847F /* Constants.swift in Sources */,
			);
			runOnlyForDeploymentPostprocessing = 0;
		};
/* End PBXSourcesBuildPhase section */

/* Begin PBXVariantGroup section */
		79CCCFAB2829902B00C44D41 /* Main.storyboard */ = {
			isa = PBXVariantGroup;
			children = (
				79CCCFAC2829902B00C44D41 /* Base */,
			);
			name = Main.storyboard;
			sourceTree = "<group>";
		};
		79CCCFB02829902C00C44D41 /* LaunchScreen.storyboard */ = {
			isa = PBXVariantGroup;
			children = (
				79CCCFB12829902C00C44D41 /* Base */,
			);
			name = LaunchScreen.storyboard;
			sourceTree = "<group>";
		};
/* End PBXVariantGroup section */

/* Begin XCBuildConfiguration section */
		79CCCFB42829902C00C44D41 /* Debug */ = {
			isa = XCBuildConfiguration;
			buildSettings = {
				ALWAYS_SEARCH_USER_PATHS = NO;
				CLANG_ANALYZER_NONNULL = YES;
				CLANG_ANALYZER_NUMBER_OBJECT_CONVERSION = YES_AGGRESSIVE;
				CLANG_CXX_LANGUAGE_STANDARD = "gnu++17";
				CLANG_CXX_LIBRARY = "libc++";
				CLANG_ENABLE_MODULES = YES;
				CLANG_ENABLE_OBJC_ARC = YES;
				CLANG_ENABLE_OBJC_WEAK = YES;
				CLANG_WARN_BLOCK_CAPTURE_AUTORELEASING = YES;
				CLANG_WARN_BOOL_CONVERSION = YES;
				CLANG_WARN_COMMA = YES;
				CLANG_WARN_CONSTANT_CONVERSION = YES;
				CLANG_WARN_DEPRECATED_OBJC_IMPLEMENTATIONS = YES;
				CLANG_WARN_DIRECT_OBJC_ISA_USAGE = YES_ERROR;
				CLANG_WARN_DOCUMENTATION_COMMENTS = YES;
				CLANG_WARN_EMPTY_BODY = YES;
				CLANG_WARN_ENUM_CONVERSION = YES;
				CLANG_WARN_INFINITE_RECURSION = YES;
				CLANG_WARN_INT_CONVERSION = YES;
				CLANG_WARN_NON_LITERAL_NULL_CONVERSION = YES;
				CLANG_WARN_OBJC_IMPLICIT_RETAIN_SELF = YES;
				CLANG_WARN_OBJC_LITERAL_CONVERSION = YES;
				CLANG_WARN_OBJC_ROOT_CLASS = YES_ERROR;
				CLANG_WARN_QUOTED_INCLUDE_IN_FRAMEWORK_HEADER = YES;
				CLANG_WARN_RANGE_LOOP_ANALYSIS = YES;
				CLANG_WARN_STRICT_PROTOTYPES = YES;
				CLANG_WARN_SUSPICIOUS_MOVE = YES;
				CLANG_WARN_UNGUARDED_AVAILABILITY = YES_AGGRESSIVE;
				CLANG_WARN_UNREACHABLE_CODE = YES;
				CLANG_WARN__DUPLICATE_METHOD_MATCH = YES;
				COPY_PHASE_STRIP = NO;
				DEBUG_INFORMATION_FORMAT = dwarf;
				ENABLE_STRICT_OBJC_MSGSEND = YES;
				ENABLE_TESTABILITY = YES;
				GCC_C_LANGUAGE_STANDARD = gnu11;
				GCC_DYNAMIC_NO_PIC = NO;
				GCC_NO_COMMON_BLOCKS = YES;
				GCC_OPTIMIZATION_LEVEL = 0;
				GCC_PREPROCESSOR_DEFINITIONS = (
					"DEBUG=1",
					"$(inherited)",
				);
				GCC_WARN_64_TO_32_BIT_CONVERSION = YES;
				GCC_WARN_ABOUT_RETURN_TYPE = YES_ERROR;
				GCC_WARN_UNDECLARED_SELECTOR = YES;
				GCC_WARN_UNINITIALIZED_AUTOS = YES_AGGRESSIVE;
				GCC_WARN_UNUSED_FUNCTION = YES;
				GCC_WARN_UNUSED_VARIABLE = YES;
				IPHONEOS_DEPLOYMENT_TARGET = 15.0;
				MTL_ENABLE_DEBUG_INFO = INCLUDE_SOURCE;
				MTL_FAST_MATH = YES;
				ONLY_ACTIVE_ARCH = YES;
				SDKROOT = iphoneos;
				SWIFT_ACTIVE_COMPILATION_CONDITIONS = DEBUG;
				SWIFT_OPTIMIZATION_LEVEL = "-Onone";
			};
			name = Debug;
		};
		79CCCFB52829902C00C44D41 /* Release */ = {
			isa = XCBuildConfiguration;
			buildSettings = {
				ALWAYS_SEARCH_USER_PATHS = NO;
				CLANG_ANALYZER_NONNULL = YES;
				CLANG_ANALYZER_NUMBER_OBJECT_CONVERSION = YES_AGGRESSIVE;
				CLANG_CXX_LANGUAGE_STANDARD = "gnu++17";
				CLANG_CXX_LIBRARY = "libc++";
				CLANG_ENABLE_MODULES = YES;
				CLANG_ENABLE_OBJC_ARC = YES;
				CLANG_ENABLE_OBJC_WEAK = YES;
				CLANG_WARN_BLOCK_CAPTURE_AUTORELEASING = YES;
				CLANG_WARN_BOOL_CONVERSION = YES;
				CLANG_WARN_COMMA = YES;
				CLANG_WARN_CONSTANT_CONVERSION = YES;
				CLANG_WARN_DEPRECATED_OBJC_IMPLEMENTATIONS = YES;
				CLANG_WARN_DIRECT_OBJC_ISA_USAGE = YES_ERROR;
				CLANG_WARN_DOCUMENTATION_COMMENTS = YES;
				CLANG_WARN_EMPTY_BODY = YES;
				CLANG_WARN_ENUM_CONVERSION = YES;
				CLANG_WARN_INFINITE_RECURSION = YES;
				CLANG_WARN_INT_CONVERSION = YES;
				CLANG_WARN_NON_LITERAL_NULL_CONVERSION = YES;
				CLANG_WARN_OBJC_IMPLICIT_RETAIN_SELF = YES;
				CLANG_WARN_OBJC_LITERAL_CONVERSION = YES;
				CLANG_WARN_OBJC_ROOT_CLASS = YES_ERROR;
				CLANG_WARN_QUOTED_INCLUDE_IN_FRAMEWORK_HEADER = YES;
				CLANG_WARN_RANGE_LOOP_ANALYSIS = YES;
				CLANG_WARN_STRICT_PROTOTYPES = YES;
				CLANG_WARN_SUSPICIOUS_MOVE = YES;
				CLANG_WARN_UNGUARDED_AVAILABILITY = YES_AGGRESSIVE;
				CLANG_WARN_UNREACHABLE_CODE = YES;
				CLANG_WARN__DUPLICATE_METHOD_MATCH = YES;
				COPY_PHASE_STRIP = NO;
				DEBUG_INFORMATION_FORMAT = "dwarf-with-dsym";
				ENABLE_NS_ASSERTIONS = NO;
				ENABLE_STRICT_OBJC_MSGSEND = YES;
				GCC_C_LANGUAGE_STANDARD = gnu11;
				GCC_NO_COMMON_BLOCKS = YES;
				GCC_WARN_64_TO_32_BIT_CONVERSION = YES;
				GCC_WARN_ABOUT_RETURN_TYPE = YES_ERROR;
				GCC_WARN_UNDECLARED_SELECTOR = YES;
				GCC_WARN_UNINITIALIZED_AUTOS = YES_AGGRESSIVE;
				GCC_WARN_UNUSED_FUNCTION = YES;
				GCC_WARN_UNUSED_VARIABLE = YES;
				IPHONEOS_DEPLOYMENT_TARGET = 15.0;
				MTL_ENABLE_DEBUG_INFO = NO;
				MTL_FAST_MATH = YES;
				SDKROOT = iphoneos;
				SWIFT_COMPILATION_MODE = wholemodule;
				SWIFT_OPTIMIZATION_LEVEL = "-O";
				VALIDATE_PRODUCT = YES;
			};
			name = Release;
		};
		79CCCFB72829902C00C44D41 /* Debug */ = {
			isa = XCBuildConfiguration;
			baseConfigurationReference = 5D7D6C52548C474A16CE0349 /* Pods-Logotime.debug.xcconfig */;
			buildSettings = {
				ASSETCATALOG_COMPILER_APPICON_NAME = AppIcon;
				ASSETCATALOG_COMPILER_GLOBAL_ACCENT_COLOR_NAME = AccentColor;
				CODE_SIGN_STYLE = Automatic;
				CURRENT_PROJECT_VERSION = 1;
				DEVELOPMENT_TEAM = MU7S6322ML;
				GENERATE_INFOPLIST_FILE = YES;
				INFOPLIST_FILE = Logotime/Info.plist;
				INFOPLIST_KEY_UIApplicationSupportsIndirectInputEvents = YES;
				INFOPLIST_KEY_UILaunchStoryboardName = LaunchScreen;
				INFOPLIST_KEY_UIMainStoryboardFile = Main;
				INFOPLIST_KEY_UISupportedInterfaceOrientations = UIInterfaceOrientationPortrait;
				INFOPLIST_KEY_UISupportedInterfaceOrientations_iPad = "UIInterfaceOrientationPortrait UIInterfaceOrientationPortraitUpsideDown UIInterfaceOrientationLandscapeLeft UIInterfaceOrientationLandscapeRight";
				INFOPLIST_KEY_UISupportedInterfaceOrientations_iPhone = "UIInterfaceOrientationPortrait UIInterfaceOrientationLandscapeLeft UIInterfaceOrientationLandscapeRight";
				LD_RUNPATH_SEARCH_PATHS = (
					"$(inherited)",
					"@executable_path/Frameworks",
				);
				MARKETING_VERSION = 1.0;
				PRODUCT_BUNDLE_IDENTIFIER = com.olgarom.Logotime;
				PRODUCT_NAME = "$(TARGET_NAME)";
				SWIFT_EMIT_LOC_STRINGS = YES;
				SWIFT_VERSION = 5.0;
				TARGETED_DEVICE_FAMILY = "1,2";
			};
			name = Debug;
		};
		79CCCFB82829902C00C44D41 /* Release */ = {
			isa = XCBuildConfiguration;
			baseConfigurationReference = 0F3E80A9942F433FCBE01C86 /* Pods-Logotime.release.xcconfig */;
			buildSettings = {
				ASSETCATALOG_COMPILER_APPICON_NAME = AppIcon;
				ASSETCATALOG_COMPILER_GLOBAL_ACCENT_COLOR_NAME = AccentColor;
				CODE_SIGN_STYLE = Automatic;
				CURRENT_PROJECT_VERSION = 1;
				DEVELOPMENT_TEAM = MU7S6322ML;
				GENERATE_INFOPLIST_FILE = YES;
				INFOPLIST_FILE = Logotime/Info.plist;
				INFOPLIST_KEY_UIApplicationSupportsIndirectInputEvents = YES;
				INFOPLIST_KEY_UILaunchStoryboardName = LaunchScreen;
				INFOPLIST_KEY_UIMainStoryboardFile = Main;
				INFOPLIST_KEY_UISupportedInterfaceOrientations = UIInterfaceOrientationPortrait;
				INFOPLIST_KEY_UISupportedInterfaceOrientations_iPad = "UIInterfaceOrientationPortrait UIInterfaceOrientationPortraitUpsideDown UIInterfaceOrientationLandscapeLeft UIInterfaceOrientationLandscapeRight";
				INFOPLIST_KEY_UISupportedInterfaceOrientations_iPhone = "UIInterfaceOrientationPortrait UIInterfaceOrientationLandscapeLeft UIInterfaceOrientationLandscapeRight";
				LD_RUNPATH_SEARCH_PATHS = (
					"$(inherited)",
					"@executable_path/Frameworks",
				);
				MARKETING_VERSION = 1.0;
				PRODUCT_BUNDLE_IDENTIFIER = com.olgarom.Logotime;
				PRODUCT_NAME = "$(TARGET_NAME)";
				SWIFT_EMIT_LOC_STRINGS = YES;
				SWIFT_VERSION = 5.0;
				TARGETED_DEVICE_FAMILY = "1,2";
			};
			name = Release;
		};
/* End XCBuildConfiguration section */

/* Begin XCConfigurationList section */
		79CCCF9D2829902A00C44D41 /* Build configuration list for PBXProject "Logotime" */ = {
			isa = XCConfigurationList;
			buildConfigurations = (
				79CCCFB42829902C00C44D41 /* Debug */,
				79CCCFB52829902C00C44D41 /* Release */,
			);
			defaultConfigurationIsVisible = 0;
			defaultConfigurationName = Release;
		};
		79CCCFB62829902C00C44D41 /* Build configuration list for PBXNativeTarget "Logotime" */ = {
			isa = XCConfigurationList;
			buildConfigurations = (
				79CCCFB72829902C00C44D41 /* Debug */,
				79CCCFB82829902C00C44D41 /* Release */,
			);
			defaultConfigurationIsVisible = 0;
			defaultConfigurationName = Release;
		};
/* End XCConfigurationList section */
	};
	rootObject = 79CCCF9A2829902A00C44D41 /* Project object */;
}
